
Microsoft Visual Studio Solution File, Format Version 12.00
# Visual Studio Version 16
VisualStudioVersion = 16.0.31624.102
MinimumVisualStudioVersion = 10.0.40219.1
Project("{FAE04EC0-301F-11D3-BF4B-00C04F79EFBC}") = "ArrayList", "ArrayList\ArrayList.csproj", "{FF341662-BB25-48D8-A895-B6E24C4070E7}"
EndProject
Project("{FAE04EC0-301F-11D3-BF4B-00C04F79EFBC}") = "ArrayListTest", "ArrayListTest\ArrayListTest.csproj", "{1E1873B8-6978-41AC-86FA-D6EF005B05FC}"
EndProject
Global
	GlobalSection(SolutionConfigurationPlatforms) = preSolution
		Debug|Any CPU = Debug|Any CPU
		Release|Any CPU = Release|Any CPU
	EndGlobalSection
	GlobalSection(ProjectConfigurationPlatforms) = postSolution
		{FF341662-BB25-48D8-A895-B6E24C4070E7}.Debug|Any CPU.ActiveCfg = Debug|Any CPU
		{FF341662-BB25-48D8-A895-B6E24C4070E7}.Debug|Any CPU.Build.0 = Debug|Any CPU
		{FF341662-BB25-48D8-A895-B6E24C4070E7}.Release|Any CPU.ActiveCfg = Release|Any CPU
		{FF341662-BB25-48D8-A895-B6E24C4070E7}.Release|Any CPU.Build.0 = Release|Any CPU
		{1E1873B8-6978-41AC-86FA-D6EF005B05FC}.Debug|Any CPU.ActiveCfg = Debug|Any CPU
		{1E1873B8-6978-41AC-86FA-D6EF005B05FC}.Debug|Any CPU.Build.0 = Debug|Any CPU
		{1E1873B8-6978-41AC-86FA-D6EF005B05FC}.Release|Any CPU.ActiveCfg = Release|Any CPU
		{1E1873B8-6978-41AC-86FA-D6EF005B05FC}.Release|Any CPU.Build.0 = Release|Any CPU
	EndGlobalSection
	GlobalSection(SolutionProperties) = preSolution
		HideSolutionNode = FALSE
	EndGlobalSection
	GlobalSection(ExtensibilityGlobals) = postSolution
		SolutionGuid = {E0E12C28-2F22-4FEE-BDAE-E123DDBDBA01}
	EndGlobalSection
EndGlobal
